
Microsoft Visual Studio Solution File, Format Version 12.00
# Visual Studio 15
VisualStudioVersion = 15.0.28010.2041
MinimumVisualStudioVersion = 10.0.40219.1
Project("{FAE04EC0-301F-11D3-BF4B-00C04F79EFBC}") = "SensorDisplay", "SensorDisplay\SensorDisplay.csproj", "{28308EF5-B1D5-46E1-B432-3B645BD4A824}"
	ProjectSection(ProjectDependencies) = postProject
		{E909601A-C92E-48F6-A792-1DC4C66B0624} = {E909601A-C92E-48F6-A792-1DC4C66B0624}
	EndProjectSection
EndProject
Project("{2150E333-8FDC-42A3-9474-1A3956D46DE8}") = "WpfGauge", "WpfGauge", "{EB02A65F-E2F8-449C-AEE6-23AA9C5728FD}"
EndProject
Project("{FAE04EC0-301F-11D3-BF4B-00C04F79EFBC}") = "WpfGauge", "..\WpfGauge\WpfGauge\WpfGauge.csproj", "{E909601A-C92E-48F6-A792-1DC4C66B0624}"
EndProject
Project("{FAE04EC0-301F-11D3-BF4B-00C04F79EFBC}") = "WpfGauge.Test", "..\WpfGauge\WpfGauge.Test\WpfGauge.Test.csproj", "{C3724E5A-1B96-48D5-A456-3EB0420B4F42}"
EndProject
Global
	GlobalSection(SolutionConfigurationPlatforms) = preSolution
		Debug|Any CPU = Debug|Any CPU
		Debug|Mixed Platforms = Debug|Mixed Platforms
		Debug|x86 = Debug|x86
		Release|Any CPU = Release|Any CPU
		Release|Mixed Platforms = Release|Mixed Platforms
		Release|x86 = Release|x86
	EndGlobalSection
	GlobalSection(ProjectConfigurationPlatforms) = postSolution
		{28308EF5-B1D5-46E1-B432-3B645BD4A824}.Debug|Any CPU.ActiveCfg = Debug|Any CPU
		{28308EF5-B1D5-46E1-B432-3B645BD4A824}.Debug|Any CPU.Build.0 = Debug|Any CPU
		{28308EF5-B1D5-46E1-B432-3B645BD4A824}.Debug|Mixed Platforms.ActiveCfg = Debug|Any CPU
		{28308EF5-B1D5-46E1-B432-3B645BD4A824}.Debug|x86.ActiveCfg = Debug|Any CPU
		{28308EF5-B1D5-46E1-B432-3B645BD4A824}.Release|Any CPU.ActiveCfg = Release|Any CPU
		{28308EF5-B1D5-46E1-B432-3B645BD4A824}.Release|Mixed Platforms.ActiveCfg = Release|Any CPU
		{28308EF5-B1D5-46E1-B432-3B645BD4A824}.Release|x86.ActiveCfg = Release|Any CPU
		{E909601A-C92E-48F6-A792-1DC4C66B0624}.Debug|Any CPU.ActiveCfg = Debug|Any CPU
		{E909601A-C92E-48F6-A792-1DC4C66B0624}.Debug|Any CPU.Build.0 = Debug|Any CPU
		{E909601A-C92E-48F6-A792-1DC4C66B0624}.Debug|Mixed Platforms.ActiveCfg = Debug|Any CPU
		{E909601A-C92E-48F6-A792-1DC4C66B0624}.Debug|Mixed Platforms.Build.0 = Debug|Any CPU
		{E909601A-C92E-48F6-A792-1DC4C66B0624}.Debug|x86.ActiveCfg = Debug|Any CPU
		{E909601A-C92E-48F6-A792-1DC4C66B0624}.Release|Any CPU.ActiveCfg = Release|Any CPU
		{E909601A-C92E-48F6-A792-1DC4C66B0624}.Release|Any CPU.Build.0 = Release|Any CPU
		{E909601A-C92E-48F6-A792-1DC4C66B0624}.Release|Mixed Platforms.ActiveCfg = Release|Any CPU
		{E909601A-C92E-48F6-A792-1DC4C66B0624}.Release|Mixed Platforms.Build.0 = Release|Any CPU
		{E909601A-C92E-48F6-A792-1DC4C66B0624}.Release|x86.ActiveCfg = Release|Any CPU
		{C3724E5A-1B96-48D5-A456-3EB0420B4F42}.Debug|Any CPU.ActiveCfg = Debug|x86
		{C3724E5A-1B96-48D5-A456-3EB0420B4F42}.Debug|Mixed Platforms.ActiveCfg = Debug|x86
		{C3724E5A-1B96-48D5-A456-3EB0420B4F42}.Debug|Mixed Platforms.Build.0 = Debug|x86
		{C3724E5A-1B96-48D5-A456-3EB0420B4F42}.Debug|x86.ActiveCfg = Debug|x86
		{C3724E5A-1B96-48D5-A456-3EB0420B4F42}.Debug|x86.Build.0 = Debug|x86
		{C3724E5A-1B96-48D5-A456-3EB0420B4F42}.Release|Any CPU.ActiveCfg = Release|x86
		{C3724E5A-1B96-48D5-A456-3EB0420B4F42}.Release|Mixed Platforms.ActiveCfg = Release|x86
		{C3724E5A-1B96-48D5-A456-3EB0420B4F42}.Release|Mixed Platforms.Build.0 = Release|x86
		{C3724E5A-1B96-48D5-A456-3EB0420B4F42}.Release|x86.ActiveCfg = Release|x86
		{C3724E5A-1B96-48D5-A456-3EB0420B4F42}.Release|x86.Build.0 = Release|x86
	EndGlobalSection
	GlobalSection(SolutionProperties) = preSolution
		HideSolutionNode = FALSE
	EndGlobalSection
	GlobalSection(NestedProjects) = preSolution
		{E909601A-C92E-48F6-A792-1DC4C66B0624} = {EB02A65F-E2F8-449C-AEE6-23AA9C5728FD}
		{C3724E5A-1B96-48D5-A456-3EB0420B4F42} = {EB02A65F-E2F8-449C-AEE6-23AA9C5728FD}
	EndGlobalSection
	GlobalSection(ExtensibilityGlobals) = postSolution
		SolutionGuid = {1D54BDC8-62FD-4BAB-9E1E-331DEB4CC56C}
	EndGlobalSection
EndGlobal
